
Microsoft Visual Studio Solution File, Format Version 12.00
# Visual Studio Version 17
VisualStudioVersion = 17.11.35219.272
MinimumVisualStudioVersion = 10.0.40219.1
Project("{FAE04EC0-301F-11D3-BF4B-00C04F79EFBC}") = "LuckyNumberGenerator", "LuckyNumberGenerator.csproj", "{9EE359F1-0BF9-4A4A-9E88-704249D66A96}"
EndProject
Global
	GlobalSection(SolutionConfigurationPlatforms) = preSolution
		Debug|Any CPU = Debug|Any CPU
		Release|Any CPU = Release|Any CPU
	EndGlobalSection
	GlobalSection(ProjectConfigurationPlatforms) = postSolution
		{9EE359F1-0BF9-4A4A-9E88-704249D66A96}.Debug|Any CPU.ActiveCfg = Debug|Any CPU
		{9EE359F1-0BF9-4A4A-9E88-704249D66A96}.Debug|Any CPU.Build.0 = Debug|Any CPU
		{9EE359F1-0BF9-4A4A-9E88-704249D66A96}.Release|Any CPU.ActiveCfg = Release|Any CPU
		{9EE359F1-0BF9-4A4A-9E88-704249D66A96}.Release|Any CPU.Build.0 = Release|Any CPU
	EndGlobalSection
	GlobalSection(SolutionProperties) = preSolution
		HideSolutionNode = FALSE
	EndGlobalSection
	GlobalSection(ExtensibilityGlobals) = postSolution
		SolutionGuid = {1367B882-B9C0-496C-A857-B1CD318E7AC7}
	EndGlobalSection
EndGlobal
